// !$*UTF8*$!
{
	archiveVersion = 1;
	classes = {
	};
	objectVersion = 50;
	objects = {

/* Begin PBXBuildFile section */
		44189BEE234D30360088F58F /* AppDelegate.swift in Sources */ = {isa = PBXBuildFile; fileRef = 44189BED234D30360088F58F /* AppDelegate.swift */; };
		44189BF0234D30360088F58F /* SceneDelegate.swift in Sources */ = {isa = PBXBuildFile; fileRef = 44189BEF234D30360088F58F /* SceneDelegate.swift */; };
		44189BF5234D30360088F58F /* Main.storyboard in Resources */ = {isa = PBXBuildFile; fileRef = 44189BF3234D30360088F58F /* Main.storyboard */; };
		44189BF7234D30370088F58F /* Assets.xcassets in Resources */ = {isa = PBXBuildFile; fileRef = 44189BF6234D30370088F58F /* Assets.xcassets */; };
		44189BFA234D30370088F58F /* LaunchScreen.storyboard in Resources */ = {isa = PBXBuildFile; fileRef = 44189BF8234D30370088F58F /* LaunchScreen.storyboard */; };
		44189C02234D30B20088F58F /* TimeCircuitsViewController.swift in Sources */ = {isa = PBXBuildFile; fileRef = 44189C01234D30B20088F58F /* TimeCircuitsViewController.swift */; };
		44189C04234D30C30088F58F /* DatePickerViewController.swift in Sources */ = {isa = PBXBuildFile; fileRef = 44189C03234D30C30088F58F /* DatePickerViewController.swift */; };
		44189C06234D31470088F58F /* digital-7.ttf in Resources */ = {isa = PBXBuildFile; fileRef = 44189C05234D31470088F58F /* digital-7.ttf */; };
/* End PBXBuildFile section */

/* Begin PBXFileReference section */
		44189BEA234D30360088F58F /* OutaTime.app */ = {isa = PBXFileReference; explicitFileType = wrapper.application; includeInIndex = 0; path = OutaTime.app; sourceTree = BUILT_PRODUCTS_DIR; };
		44189BED234D30360088F58F /* AppDelegate.swift */ = {isa = PBXFileReference; lastKnownFileType = sourcecode.swift; path = AppDelegate.swift; sourceTree = "<group>"; };
		44189BEF234D30360088F58F /* SceneDelegate.swift */ = {isa = PBXFileReference; lastKnownFileType = sourcecode.swift; path = SceneDelegate.swift; sourceTree = "<group>"; };
		44189BF4234D30360088F58F /* Base */ = {isa = PBXFileReference; lastKnownFileType = file.storyboard; name = Base; path = Base.lproj/Main.storyboard; sourceTree = "<group>"; };
		44189BF6234D30370088F58F /* Assets.xcassets */ = {isa = PBXFileReference; lastKnownFileType = folder.assetcatalog; path = Assets.xcassets; sourceTree = "<group>"; };
		44189BF9234D30370088F58F /* Base */ = {isa = PBXFileReference; lastKnownFileType = file.storyboard; name = Base; path = Base.lproj/LaunchScreen.storyboard; sourceTree = "<group>"; };
		44189BFB234D30370088F58F /* Info.plist */ = {isa = PBXFileReference; lastKnownFileType = text.plist.xml; path = Info.plist; sourceTree = "<group>"; };
		44189C01234D30B20088F58F /* TimeCircuitsViewController.swift */ = {isa = PBXFileReference; lastKnownFileType = sourcecode.swift; path = TimeCircuitsViewController.swift; sourceTree = "<group>"; };
		44189C03234D30C30088F58F /* DatePickerViewController.swift */ = {isa = PBXFileReference; lastKnownFileType = sourcecode.swift; path = DatePickerViewController.swift; sourceTree = "<group>"; };
		44189C05234D31470088F58F /* digital-7.ttf */ = {isa = PBXFileReference; lastKnownFileType = file; name = "digital-7.ttf"; path = "../digital-7.ttf"; sourceTree = "<group>"; };
/* End PBXFileReference section */

/* Begin PBXFrameworksBuildPhase section */
		44189BE7234D30360088F58F /* Frameworks */ = {
			isa = PBXFrameworksBuildPhase;
			buildActionMask = 2147483647;
			files = (
			);
			runOnlyForDeploymentPostprocessing = 0;
		};
/* End PBXFrameworksBuildPhase section */

/* Begin PBXGroup section */
		44189BE1234D30360088F58F = {
			isa = PBXGroup;
			children = (
				44189BEC234D30360088F58F /* OutaTime */,
				44189BEB234D30360088F58F /* Products */,
				44189C05234D31470088F58F /* digital-7.ttf */,
			);
			sourceTree = "<group>";
		};
		44189BEB234D30360088F58F /* Products */ = {
			isa = PBXGroup;
			children = (
				44189BEA234D30360088F58F /* OutaTime.app */,
			);
			name = Products;
			sourceTree = "<group>";
		};
		44189BEC234D30360088F58F /* OutaTime */ = {
			isa = PBXGroup;
			children = (
				44189BED234D30360088F58F /* AppDelegate.swift */,
				44189BEF234D30360088F58F /* SceneDelegate.swift */,
				44189C01234D30B20088F58F /* TimeCircuitsViewController.swift */,
				44189C03234D30C30088F58F /* DatePickerViewController.swift */,
				44189BF3234D30360088F58F /* Main.storyboard */,
				44189BF6234D30370088F58F /* Assets.xcassets */,
				44189BF8234D30370088F58F /* LaunchScreen.storyboard */,
				44189BFB234D30370088F58F /* Info.plist */,
			);
			path = OutaTime;
			sourceTree = "<group>";
		};
/* End PBXGroup section */

/* Begin PBXNativeTarget section */
		44189BE9234D30360088F58F /* OutaTime */ = {
			isa = PBXNativeTarget;
			buildConfigurationList = 44189BFE234D30370088F58F /* Build configuration list for PBXNativeTarget "OutaTime" */;
			buildPhases = (
				44189BE6234D30360088F58F /* Sources */,
				44189BE7234D30360088F58F /* Frameworks */,
				44189BE8234D30360088F58F /* Resources */,
			);
			buildRules = (
			);
			dependencies = (
			);
			name = OutaTime;
			productName = OutaTime;
			productReference = 44189BEA234D30360088F58F /* OutaTime.app */;
			productType = "com.apple.product-type.application";
		};
/* End PBXNativeTarget section */

/* Begin PBXProject section */
		44189BE2234D30360088F58F /* Project object */ = {
			isa = PBXProject;
			attributes = {
				LastSwiftUpdateCheck = 1100;
				LastUpgradeCheck = 1100;
				ORGANIZATIONNAME = "Craig Swanson";
				TargetAttributes = {
					44189BE9234D30360088F58F = {
						CreatedOnToolsVersion = 11.0;
					};
				};
			};
			buildConfigurationList = 44189BE5234D30360088F58F /* Build configuration list for PBXProject "OutaTime" */;
			compatibilityVersion = "Xcode 9.3";
			developmentRegion = en;
			hasScannedForEncodings = 0;
			knownRegions = (
				en,
				Base,
			);
			mainGroup = 44189BE1234D30360088F58F;
			productRefGroup = 44189BEB234D30360088F58F /* Products */;
			projectDirPath = "";
			projectRoot = "";
			targets = (
				44189BE9234D30360088F58F /* OutaTime */,
			);
		};
/* End PBXProject section */

/* Begin PBXResourcesBuildPhase section */
		44189BE8234D30360088F58F /* Resources */ = {
			isa = PBXResourcesBuildPhase;
			buildActionMask = 2147483647;
			files = (
				44189BFA234D30370088F58F /* LaunchScreen.storyboard in Resources */,
				44189BF7234D30370088F58F /* Assets.xcassets in Resources */,
				44189BF5234D30360088F58F /* Main.storyboard in Resources */,
				44189C06234D31470088F58F /* digital-7.ttf in Resources */,
			);
			runOnlyForDeploymentPostprocessing = 0;
		};
/* End PBXResourcesBuildPhase section */

/* Begin PBXSourcesBuildPhase section */
		44189BE6234D30360088F58F /* Sources */ = {
			isa = PBXSourcesBuildPhase;
			buildActionMask = 2147483647;
			files = (
				44189C04234D30C30088F58F /* DatePickerViewController.swift in Sources */,
				44189C02234D30B20088F58F /* TimeCircuitsViewController.swift in Sources */,
				44189BEE234D30360088F58F /* AppDelegate.swift in Sources */,
				44189BF0234D30360088F58F /* SceneDelegate.swift in Sources */,
			);
			runOnlyForDeploymentPostprocessing = 0;
		};
/* End PBXSourcesBuildPhase section */

/* Begin PBXVariantGroup section */
		44189BF3234D30360088F58F /* Main.storyboard */ = {
			isa = PBXVariantGroup;
			children = (
				44189BF4234D30360088F58F /* Base */,
			);
			name = Main.storyboard;
			sourceTree = "<group>";
		};
		44189BF8234D30370088F58F /* LaunchScreen.storyboard */ = {
			isa = PBXVariantGroup;
			children = (
				44189BF9234D30370088F58F /* Base */,
			);
			name = LaunchScreen.storyboard;
			sourceTree = "<group>";
		};
/* End PBXVariantGroup section */

/* Begin XCBuildConfiguration section */
		44189BFC234D30370088F58F /* Debug */ = {
			isa = XCBuildConfiguration;
			buildSettings = {
				ALWAYS_SEARCH_USER_PATHS = NO;
				CLANG_ANALYZER_NONNULL = YES;
				CLANG_ANALYZER_NUMBER_OBJECT_CONVERSION = YES_AGGRESSIVE;
				CLANG_CXX_LANGUAGE_STANDARD = "gnu++14";
				CLANG_CXX_LIBRARY = "libc++";
				CLANG_ENABLE_MODULES = YES;
				CLANG_ENABLE_OBJC_ARC = YES;
				CLANG_ENABLE_OBJC_WEAK = YES;
				CLANG_WARN_BLOCK_CAPTURE_AUTORELEASING = YES;
				CLANG_WARN_BOOL_CONVERSION = YES;
				CLANG_WARN_COMMA = YES;
				CLANG_WARN_CONSTANT_CONVERSION = YES;
				CLANG_WARN_DEPRECATED_OBJC_IMPLEMENTATIONS = YES;
				CLANG_WARN_DIRECT_OBJC_ISA_USAGE = YES_ERROR;
				CLANG_WARN_DOCUMENTATION_COMMENTS = YES;
				CLANG_WARN_EMPTY_BODY = YES;
				CLANG_WARN_ENUM_CONVERSION = YES;
				CLANG_WARN_INFINITE_RECURSION = YES;
				CLANG_WARN_INT_CONVERSION = YES;
				CLANG_WARN_NON_LITERAL_NULL_CONVERSION = YES;
				CLANG_WARN_OBJC_IMPLICIT_RETAIN_SELF = YES;
				CLANG_WARN_OBJC_LITERAL_CONVERSION = YES;
				CLANG_WARN_OBJC_ROOT_CLASS = YES_ERROR;
				CLANG_WARN_RANGE_LOOP_ANALYSIS = YES;
				CLANG_WARN_STRICT_PROTOTYPES = YES;
				CLANG_WARN_SUSPICIOUS_MOVE = YES;
				CLANG_WARN_UNGUARDED_AVAILABILITY = YES_AGGRESSIVE;
				CLANG_WARN_UNREACHABLE_CODE = YES;
				CLANG_WARN__DUPLICATE_METHOD_MATCH = YES;
				COPY_PHASE_STRIP = NO;
				DEBUG_INFORMATION_FORMAT = dwarf;
				ENABLE_STRICT_OBJC_MSGSEND = YES;
				ENABLE_TESTABILITY = YES;
				GCC_C_LANGUAGE_STANDARD = gnu11;
				GCC_DYNAMIC_NO_PIC = NO;
				GCC_NO_COMMON_BLOCKS = YES;
				GCC_OPTIMIZATION_LEVEL = 0;
				GCC_PREPROCESSOR_DEFINITIONS = (
					"DEBUG=1",
					"$(inherited)",
				);
				GCC_WARN_64_TO_32_BIT_CONVERSION = YES;
				GCC_WARN_ABOUT_RETURN_TYPE = YES_ERROR;
				GCC_WARN_UNDECLARED_SELECTOR = YES;
				GCC_WARN_UNINITIALIZED_AUTOS = YES_AGGRESSIVE;
				GCC_WARN_UNUSED_FUNCTION = YES;
				GCC_WARN_UNUSED_VARIABLE = YES;
				IPHONEOS_DEPLOYMENT_TARGET = 13.0;
				MTL_ENABLE_DEBUG_INFO = INCLUDE_SOURCE;
				MTL_FAST_MATH = YES;
				ONLY_ACTIVE_ARCH = YES;
				SDKROOT = iphoneos;
				SWIFT_ACTIVE_COMPILATION_CONDITIONS = DEBUG;
				SWIFT_OPTIMIZATION_LEVEL = "-Onone";
			};
			name = Debug;
		};
		44189BFD234D30370088F58F /* Release */ = {
			isa = XCBuildConfiguration;
			buildSettings = {
				ALWAYS_SEARCH_USER_PATHS = NO;
				CLANG_ANALYZER_NONNULL = YES;
				CLANG_ANALYZER_NUMBER_OBJECT_CONVERSION = YES_AGGRESSIVE;
				CLANG_CXX_LANGUAGE_STANDARD = "gnu++14";
				CLANG_CXX_LIBRARY = "libc++";
				CLANG_ENABLE_MODULES = YES;
				CLANG_ENABLE_OBJC_ARC = YES;
				CLANG_ENABLE_OBJC_WEAK = YES;
				CLANG_WARN_BLOCK_CAPTURE_AUTORELEASING = YES;
				CLANG_WARN_BOOL_CONVERSION = YES;
				CLANG_WARN_COMMA = YES;
				CLANG_WARN_CONSTANT_CONVERSION = YES;
				CLANG_WARN_DEPRECATED_OBJC_IMPLEMENTATIONS = YES;
				CLANG_WARN_DIRECT_OBJC_ISA_USAGE = YES_ERROR;
				CLANG_WARN_DOCUMENTATION_COMMENTS = YES;
				CLANG_WARN_EMPTY_BODY = YES;
				CLANG_WARN_ENUM_CONVERSION = YES;
				CLANG_WARN_INFINITE_RECURSION = YES;
				CLANG_WARN_INT_CONVERSION = YES;
				CLANG_WARN_NON_LITERAL_NULL_CONVERSION = YES;
				CLANG_WARN_OBJC_IMPLICIT_RETAIN_SELF = YES;
				CLANG_WARN_OBJC_LITERAL_CONVERSION = YES;
				CLANG_WARN_OBJC_ROOT_CLASS = YES_ERROR;
				CLANG_WARN_RANGE_LOOP_ANALYSIS = YES;
				CLANG_WARN_STRICT_PROTOTYPES = YES;
				CLANG_WARN_SUSPICIOUS_MOVE = YES;
				CLANG_WARN_UNGUARDED_AVAILABILITY = YES_AGGRESSIVE;
				CLANG_WARN_UNREACHABLE_CODE = YES;
				CLANG_WARN__DUPLICATE_METHOD_MATCH = YES;
				COPY_PHASE_STRIP = NO;
				DEBUG_INFORMATION_FORMAT = "dwarf-with-dsym";
				ENABLE_NS_ASSERTIONS = NO;
				ENABLE_STRICT_OBJC_MSGSEND = YES;
				GCC_C_LANGUAGE_STANDARD = gnu11;
				GCC_NO_COMMON_BLOCKS = YES;
				GCC_WARN_64_TO_32_BIT_CONVERSION = YES;
				GCC_WARN_ABOUT_RETURN_TYPE = YES_ERROR;
				GCC_WARN_UNDECLARED_SELECTOR = YES;
				GCC_WARN_UNINITIALIZED_AUTOS = YES_AGGRESSIVE;
				GCC_WARN_UNUSED_FUNCTION = YES;
				GCC_WARN_UNUSED_VARIABLE = YES;
				IPHONEOS_DEPLOYMENT_TARGET = 13.0;
				MTL_ENABLE_DEBUG_INFO = NO;
				MTL_FAST_MATH = YES;
				SDKROOT = iphoneos;
				SWIFT_COMPILATION_MODE = wholemodule;
				SWIFT_OPTIMIZATION_LEVEL = "-O";
				VALIDATE_PRODUCT = YES;
			};
			name = Release;
		};
		44189BFF234D30370088F58F /* Debug */ = {
			isa = XCBuildConfiguration;
			buildSettings = {
				ASSETCATALOG_COMPILER_APPICON_NAME = AppIcon;
				CODE_SIGN_STYLE = Automatic;
				DEVELOPMENT_TEAM = 2MZREBG7BM;
				INFOPLIST_FILE = OutaTime/Info.plist;
				LD_RUNPATH_SEARCH_PATHS = (
					"$(inherited)",
					"@executable_path/Frameworks",
				);
				PRODUCT_BUNDLE_IDENTIFIER = com.craigswanson.OutaTime;
				PRODUCT_NAME = "$(TARGET_NAME)";
				SWIFT_VERSION = 5.0;
				TARGETED_DEVICE_FAMILY = "1,2";
			};
			name = Debug;
		};
		44189C00234D30370088F58F /* Release */ = {
			isa = XCBuildConfiguration;
			buildSettings = {
				ASSETCATALOG_COMPILER_APPICON_NAME = AppIcon;
				CODE_SIGN_STYLE = Automatic;
				DEVELOPMENT_TEAM = 2MZREBG7BM;
				INFOPLIST_FILE = OutaTime/Info.plist;
				LD_RUNPATH_SEARCH_PATHS = (
					"$(inherited)",
					"@executable_path/Frameworks",
				);
				PRODUCT_BUNDLE_IDENTIFIER = com.craigswanson.OutaTime;
				PRODUCT_NAME = "$(TARGET_NAME)";
				SWIFT_VERSION = 5.0;
				TARGETED_DEVICE_FAMILY = "1,2";
			};
			name = Release;
		};
/* End XCBuildConfiguration section */

/* Begin XCConfigurationList section */
		44189BE5234D30360088F58F /* Build configuration list for PBXProject "OutaTime" */ = {
			isa = XCConfigurationList;
			buildConfigurations = (
				44189BFC234D30370088F58F /* Debug */,
				44189BFD234D30370088F58F /* Release */,
			);
			defaultConfigurationIsVisible = 0;
			defaultConfigurationName = Release;
		};
		44189BFE234D30370088F58F /* Build configuration list for PBXNativeTarget "OutaTime" */ = {
			isa = XCConfigurationList;
			buildConfigurations = (
				44189BFF234D30370088F58F /* Debug */,
				44189C00234D30370088F58F /* Release */,
			);
			defaultConfigurationIsVisible = 0;
			defaultConfigurationName = Release;
		};
/* End XCConfigurationList section */
	};
	rootObject = 44189BE2234D30360088F58F /* Project object */;
}
